
Microsoft Visual Studio Solution File, Format Version 12.00
# Visual Studio 2012
Project("{9092AA53-FB77-4645-B42D-1CCCA6BD08BD}") = "WordRun", "src\WordRun.njsproj", "{7491D2E9-F945-4944-BD70-AFA7B2D322C7}"
EndProject
Global
	GlobalSection(SolutionConfigurationPlatforms) = preSolution
		Debug|x86 = Debug|x86
		Release|x86 = Release|x86
	EndGlobalSection
	GlobalSection(ProjectConfigurationPlatforms) = postSolution
		{7491D2E9-F945-4944-BD70-AFA7B2D322C7}.Debug|x86.ActiveCfg = Debug|Any CPU
		{7491D2E9-F945-4944-BD70-AFA7B2D322C7}.Release|x86.ActiveCfg = Release|Any CPU
	EndGlobalSection
	GlobalSection(SolutionProperties) = preSolution
		HideSolutionNode = FALSE
	EndGlobalSection
EndGlobal
